
Microsoft Visual Studio Solution File, Format Version 12.00
# Visual Studio Version 17
VisualStudioVersion = 17.11.35303.130
MinimumVisualStudioVersion = 10.0.40219.1
Project("{2150E333-8FDC-42A3-9474-1A3956D46DE8}") = "src", "src", "{82FA0F88-4B33-4B7D-BA7E-F592FA80A41C}"
EndProject
Project("{2150E333-8FDC-42A3-9474-1A3956D46DE8}") = "Common", "Common", "{48A97F6F-FA34-468B-B226-525F9E164E20}"
EndProject
Project("{2150E333-8FDC-42A3-9474-1A3956D46DE8}") = "Articles", "Articles", "{6DA10E35-4564-4728-AA06-11D20AE26E12}"
EndProject
Project("{2150E333-8FDC-42A3-9474-1A3956D46DE8}") = "Application", "Application", "{12A4C7C0-5A34-4C25-BECE-A2969F5A5316}"
EndProject
Project("{2150E333-8FDC-42A3-9474-1A3956D46DE8}") = "Domain", "Domain", "{667586AC-4D76-452D-8399-56AECEA04E05}"
EndProject
Project("{2150E333-8FDC-42A3-9474-1A3956D46DE8}") = "Contracts", "Contracts", "{8F91AA8F-516B-420B-B600-272443887FF2}"
EndProject
Project("{2150E333-8FDC-42A3-9474-1A3956D46DE8}") = "Hosts", "Hosts", "{9DA036AA-1B61-4B5A-B842-BE7BA8006819}"
EndProject
Project("{2150E333-8FDC-42A3-9474-1A3956D46DE8}") = "Infrastructure", "Infrastructure", "{93747F1F-4E3C-4B03-A26F-E20C7ABFCF17}"
EndProject
Project("{2150E333-8FDC-42A3-9474-1A3956D46DE8}") = "Clients", "Clients", "{CD3F67F6-E810-49DF-9A36-724C72792289}"
EndProject
Project("{9A19103F-16F7-4668-BE54-9A1E7A4F7556}") = "Articles.AppServices", "src\Articles\Application\Articles.AppServices\Articles.AppServices.csproj", "{460CC0E5-B0BF-43DC-B058-E8C6F946F26A}"
EndProject
Project("{9A19103F-16F7-4668-BE54-9A1E7A4F7556}") = "Articles.Contracts", "src\Articles\Contracts\Articles.Contracts\Articles.Contracts.csproj", "{58DC4245-46AB-45E8-8ADC-B3DE01920501}"
EndProject
Project("{9A19103F-16F7-4668-BE54-9A1E7A4F7556}") = "Articles.Domain", "src\Articles\Domain\Articles.Domain\Articles.Domain.csproj", "{FF2ACF56-2D66-4E22-9C2F-E1D44D51B0E2}"
EndProject
Project("{9A19103F-16F7-4668-BE54-9A1E7A4F7556}") = "Articles.Infrastructure", "src\Articles\Infrastructure\Articles.Infrastructure\Articles.Infrastructure.csproj", "{1E0D9AF4-7116-48EF-AF06-071BF35BCD23}"
EndProject
Project("{9A19103F-16F7-4668-BE54-9A1E7A4F7556}") = "Articles.Infrastructure.ComponentRegistrar", "src\Articles\Infrastructure\Articles.Infrastructure.ComponentRegistrar\Articles.Infrastructure.ComponentRegistrar.csproj", "{351062C7-506F-438A-A5BF-9927B287ADA8}"
EndProject
Project("{9A19103F-16F7-4668-BE54-9A1E7A4F7556}") = "Articles.Infrastructure.DataAccess", "src\Articles\Infrastructure\Articles.Infrastructure.DataAccess\Articles.Infrastructure.DataAccess.csproj", "{9749A134-35DE-4CA8-B280-7CDDE568F078}"
EndProject
Project("{9A19103F-16F7-4668-BE54-9A1E7A4F7556}") = "Articles.Hosts.Api", "src\Articles\Hosts\Articles.Hosts.Api\Articles.Hosts.Api.csproj", "{93A611E4-C7C4-46BD-A9F2-D91301252601}"
EndProject
Project("{2150E333-8FDC-42A3-9474-1A3956D46DE8}") = "tests", "tests", "{BE311A83-948B-40C9-B2D3-414B6DA36BD8}"
EndProject
Project("{2150E333-8FDC-42A3-9474-1A3956D46DE8}") = "Solution Items", "Solution Items", "{5B4A4313-DF4E-46E5-8668-5EC4434F40E6}"
	ProjectSection(SolutionItems) = preProject
		compose.yaml = compose.yaml
	EndProjectSection
EndProject
Project("{FAE04EC0-301F-11D3-BF4B-00C04F79EFBC}") = "Articles.Hosts.DbMigrator", "src\Articles\Hosts\Articles.Hosts.DbMigrator\Articles.Hosts.DbMigrator.csproj", "{D63230A0-DBB2-43A3-B99F-6C74A7AC6875}"
EndProject
Global
	GlobalSection(SolutionConfigurationPlatforms) = preSolution
		Debug|Any CPU = Debug|Any CPU
		Release|Any CPU = Release|Any CPU
	EndGlobalSection
	GlobalSection(ProjectConfigurationPlatforms) = postSolution
		{460CC0E5-B0BF-43DC-B058-E8C6F946F26A}.Debug|Any CPU.ActiveCfg = Debug|Any CPU
		{460CC0E5-B0BF-43DC-B058-E8C6F946F26A}.Debug|Any CPU.Build.0 = Debug|Any CPU
		{460CC0E5-B0BF-43DC-B058-E8C6F946F26A}.Release|Any CPU.ActiveCfg = Release|Any CPU
		{460CC0E5-B0BF-43DC-B058-E8C6F946F26A}.Release|Any CPU.Build.0 = Release|Any CPU
		{58DC4245-46AB-45E8-8ADC-B3DE01920501}.Debug|Any CPU.ActiveCfg = Debug|Any CPU
		{58DC4245-46AB-45E8-8ADC-B3DE01920501}.Debug|Any CPU.Build.0 = Debug|Any CPU
		{58DC4245-46AB-45E8-8ADC-B3DE01920501}.Release|Any CPU.ActiveCfg = Release|Any CPU
		{58DC4245-46AB-45E8-8ADC-B3DE01920501}.Release|Any CPU.Build.0 = Release|Any CPU
		{FF2ACF56-2D66-4E22-9C2F-E1D44D51B0E2}.Debug|Any CPU.ActiveCfg = Debug|Any CPU
		{FF2ACF56-2D66-4E22-9C2F-E1D44D51B0E2}.Debug|Any CPU.Build.0 = Debug|Any CPU
		{FF2ACF56-2D66-4E22-9C2F-E1D44D51B0E2}.Release|Any CPU.ActiveCfg = Release|Any CPU
		{FF2ACF56-2D66-4E22-9C2F-E1D44D51B0E2}.Release|Any CPU.Build.0 = Release|Any CPU
		{1E0D9AF4-7116-48EF-AF06-071BF35BCD23}.Debug|Any CPU.ActiveCfg = Debug|Any CPU
		{1E0D9AF4-7116-48EF-AF06-071BF35BCD23}.Debug|Any CPU.Build.0 = Debug|Any CPU
		{1E0D9AF4-7116-48EF-AF06-071BF35BCD23}.Release|Any CPU.ActiveCfg = Release|Any CPU
		{1E0D9AF4-7116-48EF-AF06-071BF35BCD23}.Release|Any CPU.Build.0 = Release|Any CPU
		{351062C7-506F-438A-A5BF-9927B287ADA8}.Debug|Any CPU.ActiveCfg = Debug|Any CPU
		{351062C7-506F-438A-A5BF-9927B287ADA8}.Debug|Any CPU.Build.0 = Debug|Any CPU
		{351062C7-506F-438A-A5BF-9927B287ADA8}.Release|Any CPU.ActiveCfg = Release|Any CPU
		{351062C7-506F-438A-A5BF-9927B287ADA8}.Release|Any CPU.Build.0 = Release|Any CPU
		{9749A134-35DE-4CA8-B280-7CDDE568F078}.Debug|Any CPU.ActiveCfg = Debug|Any CPU
		{9749A134-35DE-4CA8-B280-7CDDE568F078}.Debug|Any CPU.Build.0 = Debug|Any CPU
		{9749A134-35DE-4CA8-B280-7CDDE568F078}.Release|Any CPU.ActiveCfg = Release|Any CPU
		{9749A134-35DE-4CA8-B280-7CDDE568F078}.Release|Any CPU.Build.0 = Release|Any CPU
		{93A611E4-C7C4-46BD-A9F2-D91301252601}.Debug|Any CPU.ActiveCfg = Debug|Any CPU
		{93A611E4-C7C4-46BD-A9F2-D91301252601}.Debug|Any CPU.Build.0 = Debug|Any CPU
		{93A611E4-C7C4-46BD-A9F2-D91301252601}.Release|Any CPU.ActiveCfg = Release|Any CPU
		{93A611E4-C7C4-46BD-A9F2-D91301252601}.Release|Any CPU.Build.0 = Release|Any CPU
		{D63230A0-DBB2-43A3-B99F-6C74A7AC6875}.Debug|Any CPU.ActiveCfg = Debug|Any CPU
		{D63230A0-DBB2-43A3-B99F-6C74A7AC6875}.Debug|Any CPU.Build.0 = Debug|Any CPU
		{D63230A0-DBB2-43A3-B99F-6C74A7AC6875}.Release|Any CPU.ActiveCfg = Release|Any CPU
		{D63230A0-DBB2-43A3-B99F-6C74A7AC6875}.Release|Any CPU.Build.0 = Release|Any CPU
	EndGlobalSection
	GlobalSection(SolutionProperties) = preSolution
		HideSolutionNode = FALSE
	EndGlobalSection
	GlobalSection(NestedProjects) = preSolution
		{48A97F6F-FA34-468B-B226-525F9E164E20} = {82FA0F88-4B33-4B7D-BA7E-F592FA80A41C}
		{6DA10E35-4564-4728-AA06-11D20AE26E12} = {82FA0F88-4B33-4B7D-BA7E-F592FA80A41C}
		{12A4C7C0-5A34-4C25-BECE-A2969F5A5316} = {6DA10E35-4564-4728-AA06-11D20AE26E12}
		{667586AC-4D76-452D-8399-56AECEA04E05} = {6DA10E35-4564-4728-AA06-11D20AE26E12}
		{8F91AA8F-516B-420B-B600-272443887FF2} = {6DA10E35-4564-4728-AA06-11D20AE26E12}
		{9DA036AA-1B61-4B5A-B842-BE7BA8006819} = {6DA10E35-4564-4728-AA06-11D20AE26E12}
		{93747F1F-4E3C-4B03-A26F-E20C7ABFCF17} = {6DA10E35-4564-4728-AA06-11D20AE26E12}
		{CD3F67F6-E810-49DF-9A36-724C72792289} = {6DA10E35-4564-4728-AA06-11D20AE26E12}
		{460CC0E5-B0BF-43DC-B058-E8C6F946F26A} = {12A4C7C0-5A34-4C25-BECE-A2969F5A5316}
		{58DC4245-46AB-45E8-8ADC-B3DE01920501} = {8F91AA8F-516B-420B-B600-272443887FF2}
		{FF2ACF56-2D66-4E22-9C2F-E1D44D51B0E2} = {667586AC-4D76-452D-8399-56AECEA04E05}
		{1E0D9AF4-7116-48EF-AF06-071BF35BCD23} = {93747F1F-4E3C-4B03-A26F-E20C7ABFCF17}
		{351062C7-506F-438A-A5BF-9927B287ADA8} = {93747F1F-4E3C-4B03-A26F-E20C7ABFCF17}
		{9749A134-35DE-4CA8-B280-7CDDE568F078} = {93747F1F-4E3C-4B03-A26F-E20C7ABFCF17}
		{93A611E4-C7C4-46BD-A9F2-D91301252601} = {9DA036AA-1B61-4B5A-B842-BE7BA8006819}
		{BE311A83-948B-40C9-B2D3-414B6DA36BD8} = {6DA10E35-4564-4728-AA06-11D20AE26E12}
		{D63230A0-DBB2-43A3-B99F-6C74A7AC6875} = {9DA036AA-1B61-4B5A-B842-BE7BA8006819}
	EndGlobalSection
EndGlobal
